// !$*UTF8*$!
{
	archiveVersion = 1;
	classes = {
	};
	objectVersion = 55;
	objects = {

/* Begin PBXBuildFile section */
		633B444628CF317800AE5C1C /* VideoEditorTrackRotationCalculator.swift in Sources */ = {isa = PBXBuildFile; fileRef = 633B444528CF317800AE5C1C /* VideoEditorTrackRotationCalculator.swift */; };
		63454197295C627100A6EC0A /* PlaybackViewController.swift in Sources */ = {isa = PBXBuildFile; fileRef = 63454196295C627100A6EC0A /* PlaybackViewController.swift */; };
		637D252A29B0F41A00B446E0 /* sample.wav in Resources */ = {isa = PBXBuildFile; fileRef = 637D252929B0F41A00B446E0 /* sample.wav */; };
		639DFABC2948AE840021458F /* ExportViewController.swift in Sources */ = {isa = PBXBuildFile; fileRef = 639DFABB2948AE840021458F /* ExportViewController.swift */; };
		63A1C8EB2950B771007BA126 /* EffectsProvider.swift in Sources */ = {isa = PBXBuildFile; fileRef = 63A1C8EA2950B771007BA126 /* EffectsProvider.swift */; };
		63B8E49029B092CC000F043F /* PickVideoViewController.swift in Sources */ = {isa = PBXBuildFile; fileRef = 63B8E48F29B092CC000F043F /* PickVideoViewController.swift */; };
		63D833E229B5E904009DCF99 /* EffectsManager.swift in Sources */ = {isa = PBXBuildFile; fileRef = 63D833E129B5E904009DCF99 /* EffectsManager.swift */; };
		63E308B329B1EE3400172732 /* PreviewImageViewController.swift in Sources */ = {isa = PBXBuildFile; fileRef = 63E308B229B1EE3400172732 /* PreviewImageViewController.swift */; };
		8A01658B27D8B783003E36FB /* AppDelegate.swift in Sources */ = {isa = PBXBuildFile; fileRef = 8A01658A27D8B783003E36FB /* AppDelegate.swift */; };
		8A01659227D8B783003E36FB /* Main.storyboard in Resources */ = {isa = PBXBuildFile; fileRef = 8A01659027D8B783003E36FB /* Main.storyboard */; };
		8A01659427D8B785003E36FB /* Assets.xcassets in Resources */ = {isa = PBXBuildFile; fileRef = 8A01659327D8B785003E36FB /* Assets.xcassets */; };
		8A01659727D8B785003E36FB /* LaunchScreen.storyboard in Resources */ = {isa = PBXBuildFile; fileRef = 8A01659527D8B785003E36FB /* LaunchScreen.storyboard */; };
		8A0165B527D8CB67003E36FB /* effects in Resources */ = {isa = PBXBuildFile; fileRef = 8A0165B427D8CB67003E36FB /* effects */; };
		8A02DADA27DB560D0019AB99 /* GifExample.gif in Resources */ = {isa = PBXBuildFile; fileRef = 8A02DAD827DB560D0019AB99 /* GifExample.gif */; };
		8A02DADB27DB560D0019AB99 /* luts in Resources */ = {isa = PBXBuildFile; fileRef = 8A02DAD927DB560D0019AB99 /* luts */; };
		A88C9DFC7B89FCB0920C4341 /* Pods_VEAPISample.framework in Frameworks */ = {isa = PBXBuildFile; fileRef = AD2DE16A243B969DD1A7859A /* Pods_VEAPISample.framework */; };
		C2AB8B1F29BFBA0400E5F4B4 /* VideoEditorModule.swift in Sources */ = {isa = PBXBuildFile; fileRef = C2AB8B1E29BFBA0400E5F4B4 /* VideoEditorModule.swift */; };
		C2AB8B2129BFBC1F00E5F4B4 /* PlaybackManager.swift in Sources */ = {isa = PBXBuildFile; fileRef = C2AB8B2029BFBC1F00E5F4B4 /* PlaybackManager.swift */; };
/* End PBXBuildFile section */

/* Begin PBXFileReference section */
		633B444528CF317800AE5C1C /* VideoEditorTrackRotationCalculator.swift */ = {isa = PBXFileReference; fileEncoding = 4; lastKnownFileType = sourcecode.swift; path = VideoEditorTrackRotationCalculator.swift; sourceTree = "<group>"; };
		63454196295C627100A6EC0A /* PlaybackViewController.swift */ = {isa = PBXFileReference; indentWidth = 2; lastKnownFileType = sourcecode.swift; path = PlaybackViewController.swift; sourceTree = "<group>"; tabWidth = 2; };
		637D252929B0F41A00B446E0 /* sample.wav */ = {isa = PBXFileReference; lastKnownFileType = audio.wav; path = sample.wav; sourceTree = "<group>"; };
		639DFABB2948AE840021458F /* ExportViewController.swift */ = {isa = PBXFileReference; indentWidth = 2; lastKnownFileType = sourcecode.swift; path = ExportViewController.swift; sourceTree = "<group>"; tabWidth = 2; };
		63A1C8EA2950B771007BA126 /* EffectsProvider.swift */ = {isa = PBXFileReference; lastKnownFileType = sourcecode.swift; path = EffectsProvider.swift; sourceTree = "<group>"; };
		63B8E48F29B092CC000F043F /* PickVideoViewController.swift */ = {isa = PBXFileReference; lastKnownFileType = sourcecode.swift; path = PickVideoViewController.swift; sourceTree = "<group>"; };
		63D833E129B5E904009DCF99 /* EffectsManager.swift */ = {isa = PBXFileReference; lastKnownFileType = sourcecode.swift; path = EffectsManager.swift; sourceTree = "<group>"; };
		63E308B229B1EE3400172732 /* PreviewImageViewController.swift */ = {isa = PBXFileReference; lastKnownFileType = sourcecode.swift; path = PreviewImageViewController.swift; sourceTree = "<group>"; };
		86AA678CE8AE44C13F7049CB /* Pods-VEAPISample.debug.xcconfig */ = {isa = PBXFileReference; includeInIndex = 1; lastKnownFileType = text.xcconfig; name = "Pods-VEAPISample.debug.xcconfig"; path = "Target Support Files/Pods-VEAPISample/Pods-VEAPISample.debug.xcconfig"; sourceTree = "<group>"; };
		8A01658727D8B783003E36FB /* VEAPISample.app */ = {isa = PBXFileReference; explicitFileType = wrapper.application; includeInIndex = 0; path = VEAPISample.app; sourceTree = BUILT_PRODUCTS_DIR; };
		8A01658A27D8B783003E36FB /* AppDelegate.swift */ = {isa = PBXFileReference; lastKnownFileType = sourcecode.swift; path = AppDelegate.swift; sourceTree = "<group>"; };
		8A01659127D8B783003E36FB /* Base */ = {isa = PBXFileReference; lastKnownFileType = file.storyboard; name = Base; path = Base.lproj/Main.storyboard; sourceTree = "<group>"; };
		8A01659327D8B785003E36FB /* Assets.xcassets */ = {isa = PBXFileReference; lastKnownFileType = folder.assetcatalog; path = Assets.xcassets; sourceTree = "<group>"; };
		8A01659627D8B785003E36FB /* Base */ = {isa = PBXFileReference; lastKnownFileType = file.storyboard; name = Base; path = Base.lproj/LaunchScreen.storyboard; sourceTree = "<group>"; };
		8A01659827D8B785003E36FB /* Info.plist */ = {isa = PBXFileReference; lastKnownFileType = text.plist.xml; path = Info.plist; sourceTree = "<group>"; };
		8A0165B427D8CB67003E36FB /* effects */ = {isa = PBXFileReference; lastKnownFileType = folder; path = effects; sourceTree = "<group>"; };
		8A02DAD827DB560D0019AB99 /* GifExample.gif */ = {isa = PBXFileReference; lastKnownFileType = image.gif; path = GifExample.gif; sourceTree = "<group>"; };
		8A02DAD927DB560D0019AB99 /* luts */ = {isa = PBXFileReference; lastKnownFileType = folder; path = luts; sourceTree = "<group>"; };
		9F07C00E3B449E6D2B3F4F88 /* Pods-VEAPISample.release.xcconfig */ = {isa = PBXFileReference; includeInIndex = 1; lastKnownFileType = text.xcconfig; name = "Pods-VEAPISample.release.xcconfig"; path = "Target Support Files/Pods-VEAPISample/Pods-VEAPISample.release.xcconfig"; sourceTree = "<group>"; };
		AD2DE16A243B969DD1A7859A /* Pods_VEAPISample.framework */ = {isa = PBXFileReference; explicitFileType = wrapper.framework; includeInIndex = 0; path = Pods_VEAPISample.framework; sourceTree = BUILT_PRODUCTS_DIR; };
		C2AB8B1E29BFBA0400E5F4B4 /* VideoEditorModule.swift */ = {isa = PBXFileReference; lastKnownFileType = sourcecode.swift; path = VideoEditorModule.swift; sourceTree = "<group>"; };
		C2AB8B2029BFBC1F00E5F4B4 /* PlaybackManager.swift */ = {isa = PBXFileReference; lastKnownFileType = sourcecode.swift; path = PlaybackManager.swift; sourceTree = "<group>"; };
/* End PBXFileReference section */

/* Begin PBXFrameworksBuildPhase section */
		8A01658427D8B783003E36FB /* Frameworks */ = {
			isa = PBXFrameworksBuildPhase;
			buildActionMask = 2147483647;
			files = (
				A88C9DFC7B89FCB0920C4341 /* Pods_VEAPISample.framework in Frameworks */,
			);
			runOnlyForDeploymentPostprocessing = 0;
		};
/* End PBXFrameworksBuildPhase section */

/* Begin PBXGroup section */
		0D516B27EE305D9E092FDD46 /* Frameworks */ = {
			isa = PBXGroup;
			children = (
				AD2DE16A243B969DD1A7859A /* Pods_VEAPISample.framework */,
			);
			name = Frameworks;
			sourceTree = "<group>";
		};
		59B6F96EBB911477F2910417 /* Pods */ = {
			isa = PBXGroup;
			children = (
				86AA678CE8AE44C13F7049CB /* Pods-VEAPISample.debug.xcconfig */,
				9F07C00E3B449E6D2B3F4F88 /* Pods-VEAPISample.release.xcconfig */,
			);
			path = Pods;
			sourceTree = "<group>";
		};
		633B444428CF317800AE5C1C /* Helpers */ = {
			isa = PBXGroup;
			children = (
				63B8E48F29B092CC000F043F /* PickVideoViewController.swift */,
				63E308B229B1EE3400172732 /* PreviewImageViewController.swift */,
				633B444528CF317800AE5C1C /* VideoEditorTrackRotationCalculator.swift */,
			);
			path = Helpers;
			sourceTree = "<group>";
		};
		63454195295C5E8000A6EC0A /* Playback */ = {
			isa = PBXGroup;
			children = (
				63454196295C627100A6EC0A /* PlaybackViewController.swift */,
				C2AB8B2029BFBC1F00E5F4B4 /* PlaybackManager.swift */,
			);
			path = Playback;
			sourceTree = "<group>";
		};
		639DFABA2948AE6E0021458F /* Export */ = {
			isa = PBXGroup;
			children = (
				639DFABB2948AE840021458F /* ExportViewController.swift */,
			);
			path = Export;
			sourceTree = "<group>";
		};
		8A01657E27D8B782003E36FB = {
			isa = PBXGroup;
			children = (
				8A01658927D8B783003E36FB /* VEAPISample */,
				8A01658827D8B783003E36FB /* Products */,
				59B6F96EBB911477F2910417 /* Pods */,
				0D516B27EE305D9E092FDD46 /* Frameworks */,
			);
			sourceTree = "<group>";
		};
		8A01658827D8B783003E36FB /* Products */ = {
			isa = PBXGroup;
			children = (
				8A01658727D8B783003E36FB /* VEAPISample.app */,
			);
			name = Products;
			sourceTree = "<group>";
		};
		8A01658927D8B783003E36FB /* VEAPISample */ = {
			isa = PBXGroup;
			children = (
				63454195295C5E8000A6EC0A /* Playback */,
				639DFABA2948AE6E0021458F /* Export */,
				633B444428CF317800AE5C1C /* Helpers */,
				63A1C8EA2950B771007BA126 /* EffectsProvider.swift */,
				63D833E129B5E904009DCF99 /* EffectsManager.swift */,
				8A0165B427D8CB67003E36FB /* effects */,
				8A02DAD927DB560D0019AB99 /* luts */,
				8A02DAD827DB560D0019AB99 /* GifExample.gif */,
				637D252929B0F41A00B446E0 /* sample.wav */,
				8A01658A27D8B783003E36FB /* AppDelegate.swift */,
				8A01659027D8B783003E36FB /* Main.storyboard */,
				8A01659327D8B785003E36FB /* Assets.xcassets */,
				8A01659527D8B785003E36FB /* LaunchScreen.storyboard */,
				8A01659827D8B785003E36FB /* Info.plist */,
				C2AB8B1E29BFBA0400E5F4B4 /* VideoEditorModule.swift */,
			);
			path = VEAPISample;
			sourceTree = "<group>";
		};
/* End PBXGroup section */

/* Begin PBXNativeTarget section */
		8A01658627D8B783003E36FB /* VEAPISample */ = {
			isa = PBXNativeTarget;
			buildConfigurationList = 8A01659B27D8B785003E36FB /* Build configuration list for PBXNativeTarget "VEAPISample" */;
			buildPhases = (
				C327D1307448FCE0BE270B82 /* [CP] Check Pods Manifest.lock */,
				8A01658327D8B783003E36FB /* Sources */,
				8A01658427D8B783003E36FB /* Frameworks */,
				8A01658527D8B783003E36FB /* Resources */,
				871EF34C42A7A8B1FB433D5D /* [CP] Embed Pods Frameworks */,
			);
			buildRules = (
			);
			dependencies = (
			);
			name = VEAPISample;
			productName = VEAPISample;
			productReference = 8A01658727D8B783003E36FB /* VEAPISample.app */;
			productType = "com.apple.product-type.application";
		};
/* End PBXNativeTarget section */

/* Begin PBXProject section */
		8A01657F27D8B782003E36FB /* Project object */ = {
			isa = PBXProject;
			attributes = {
				BuildIndependentTargetsInParallel = 1;
				LastSwiftUpdateCheck = 1320;
				LastUpgradeCheck = 1400;
				TargetAttributes = {
					8A01658627D8B783003E36FB = {
						CreatedOnToolsVersion = 13.2.1;
					};
				};
			};
			buildConfigurationList = 8A01658227D8B782003E36FB /* Build configuration list for PBXProject "VEAPISample" */;
			compatibilityVersion = "Xcode 13.0";
			developmentRegion = en;
			hasScannedForEncodings = 0;
			knownRegions = (
				en,
				Base,
			);
			mainGroup = 8A01657E27D8B782003E36FB;
			productRefGroup = 8A01658827D8B783003E36FB /* Products */;
			projectDirPath = "";
			projectRoot = "";
			targets = (
				8A01658627D8B783003E36FB /* VEAPISample */,
			);
		};
/* End PBXProject section */

/* Begin PBXResourcesBuildPhase section */
		8A01658527D8B783003E36FB /* Resources */ = {
			isa = PBXResourcesBuildPhase;
			buildActionMask = 2147483647;
			files = (
				637D252A29B0F41A00B446E0 /* sample.wav in Resources */,
				8A02DADA27DB560D0019AB99 /* GifExample.gif in Resources */,
				8A01659727D8B785003E36FB /* LaunchScreen.storyboard in Resources */,
				8A01659427D8B785003E36FB /* Assets.xcassets in Resources */,
				8A01659227D8B783003E36FB /* Main.storyboard in Resources */,
				8A02DADB27DB560D0019AB99 /* luts in Resources */,
				8A0165B527D8CB67003E36FB /* effects in Resources */,
			);
			runOnlyForDeploymentPostprocessing = 0;
		};
/* End PBXResourcesBuildPhase section */

/* Begin PBXShellScriptBuildPhase section */
		871EF34C42A7A8B1FB433D5D /* [CP] Embed Pods Frameworks */ = {
			isa = PBXShellScriptBuildPhase;
			buildActionMask = 2147483647;
			files = (
			);
			inputFileListPaths = (
				"${PODS_ROOT}/Target Support Files/Pods-VEAPISample/Pods-VEAPISample-frameworks-${CONFIGURATION}-input-files.xcfilelist",
			);
			name = "[CP] Embed Pods Frameworks";
			outputFileListPaths = (
				"${PODS_ROOT}/Target Support Files/Pods-VEAPISample/Pods-VEAPISample-frameworks-${CONFIGURATION}-output-files.xcfilelist",
			);
			runOnlyForDeploymentPostprocessing = 0;
			shellPath = /bin/sh;
			shellScript = "\"${PODS_ROOT}/Target Support Files/Pods-VEAPISample/Pods-VEAPISample-frameworks.sh\"\n";
			showEnvVarsInLog = 0;
		};
		C327D1307448FCE0BE270B82 /* [CP] Check Pods Manifest.lock */ = {
			isa = PBXShellScriptBuildPhase;
			buildActionMask = 2147483647;
			files = (
			);
			inputFileListPaths = (
			);
			inputPaths = (
				"${PODS_PODFILE_DIR_PATH}/Podfile.lock",
				"${PODS_ROOT}/Manifest.lock",
			);
			name = "[CP] Check Pods Manifest.lock";
			outputFileListPaths = (
			);
			outputPaths = (
				"$(DERIVED_FILE_DIR)/Pods-VEAPISample-checkManifestLockResult.txt",
			);
			runOnlyForDeploymentPostprocessing = 0;
			shellPath = /bin/sh;
			shellScript = "diff \"${PODS_PODFILE_DIR_PATH}/Podfile.lock\" \"${PODS_ROOT}/Manifest.lock\" > /dev/null\nif [ $? != 0 ] ; then\n    # print error to STDERR\n    echo \"error: The sandbox is not in sync with the Podfile.lock. Run 'pod install' or update your CocoaPods installation.\" >&2\n    exit 1\nfi\n# This output is used by Xcode 'outputs' to avoid re-running this script phase.\necho \"SUCCESS\" > \"${SCRIPT_OUTPUT_FILE_0}\"\n";
			showEnvVarsInLog = 0;
		};
/* End PBXShellScriptBuildPhase section */

/* Begin PBXSourcesBuildPhase section */
		8A01658327D8B783003E36FB /* Sources */ = {
			isa = PBXSourcesBuildPhase;
			buildActionMask = 2147483647;
			files = (
				639DFABC2948AE840021458F /* ExportViewController.swift in Sources */,
				63454197295C627100A6EC0A /* PlaybackViewController.swift in Sources */,
				63E308B329B1EE3400172732 /* PreviewImageViewController.swift in Sources */,
				63D833E229B5E904009DCF99 /* EffectsManager.swift in Sources */,
				C2AB8B2129BFBC1F00E5F4B4 /* PlaybackManager.swift in Sources */,
				63B8E49029B092CC000F043F /* PickVideoViewController.swift in Sources */,
				633B444628CF317800AE5C1C /* VideoEditorTrackRotationCalculator.swift in Sources */,
				8A01658B27D8B783003E36FB /* AppDelegate.swift in Sources */,
				63A1C8EB2950B771007BA126 /* EffectsProvider.swift in Sources */,
				C2AB8B1F29BFBA0400E5F4B4 /* VideoEditorModule.swift in Sources */,
			);
			runOnlyForDeploymentPostprocessing = 0;
		};
/* End PBXSourcesBuildPhase section */

/* Begin PBXVariantGroup section */
		8A01659027D8B783003E36FB /* Main.storyboard */ = {
			isa = PBXVariantGroup;
			children = (
				8A01659127D8B783003E36FB /* Base */,
			);
			name = Main.storyboard;
			sourceTree = "<group>";
		};
		8A01659527D8B785003E36FB /* LaunchScreen.storyboard */ = {
			isa = PBXVariantGroup;
			children = (
				8A01659627D8B785003E36FB /* Base */,
			);
			name = LaunchScreen.storyboard;
			sourceTree = "<group>";
		};
/* End PBXVariantGroup section */

/* Begin XCBuildConfiguration section */
		8A01659927D8B785003E36FB /* Debug */ = {
			isa = XCBuildConfiguration;
			buildSettings = {
				ALWAYS_SEARCH_USER_PATHS = NO;
				CLANG_ANALYZER_NONNULL = YES;
				CLANG_ANALYZER_NUMBER_OBJECT_CONVERSION = YES_AGGRESSIVE;
				CLANG_CXX_LANGUAGE_STANDARD = "gnu++17";
				CLANG_CXX_LIBRARY = "libc++";
				CLANG_ENABLE_MODULES = YES;
				CLANG_ENABLE_OBJC_ARC = YES;
				CLANG_ENABLE_OBJC_WEAK = YES;
				CLANG_WARN_BLOCK_CAPTURE_AUTORELEASING = YES;
				CLANG_WARN_BOOL_CONVERSION = YES;
				CLANG_WARN_COMMA = YES;
				CLANG_WARN_CONSTANT_CONVERSION = YES;
				CLANG_WARN_DEPRECATED_OBJC_IMPLEMENTATIONS = YES;
				CLANG_WARN_DIRECT_OBJC_ISA_USAGE = YES_ERROR;
				CLANG_WARN_DOCUMENTATION_COMMENTS = YES;
				CLANG_WARN_EMPTY_BODY = YES;
				CLANG_WARN_ENUM_CONVERSION = YES;
				CLANG_WARN_INFINITE_RECURSION = YES;
				CLANG_WARN_INT_CONVERSION = YES;
				CLANG_WARN_NON_LITERAL_NULL_CONVERSION = YES;
				CLANG_WARN_OBJC_IMPLICIT_RETAIN_SELF = YES;
				CLANG_WARN_OBJC_LITERAL_CONVERSION = YES;
				CLANG_WARN_OBJC_ROOT_CLASS = YES_ERROR;
				CLANG_WARN_QUOTED_INCLUDE_IN_FRAMEWORK_HEADER = YES;
				CLANG_WARN_RANGE_LOOP_ANALYSIS = YES;
				CLANG_WARN_STRICT_PROTOTYPES = YES;
				CLANG_WARN_SUSPICIOUS_MOVE = YES;
				CLANG_WARN_UNGUARDED_AVAILABILITY = YES_AGGRESSIVE;
				CLANG_WARN_UNREACHABLE_CODE = YES;
				CLANG_WARN__DUPLICATE_METHOD_MATCH = YES;
				COPY_PHASE_STRIP = NO;
				DEBUG_INFORMATION_FORMAT = dwarf;
				ENABLE_STRICT_OBJC_MSGSEND = YES;
				ENABLE_TESTABILITY = YES;
				GCC_C_LANGUAGE_STANDARD = gnu11;
				GCC_DYNAMIC_NO_PIC = NO;
				GCC_NO_COMMON_BLOCKS = YES;
				GCC_OPTIMIZATION_LEVEL = 0;
				GCC_PREPROCESSOR_DEFINITIONS = (
					"DEBUG=1",
					"$(inherited)",
				);
				GCC_WARN_64_TO_32_BIT_CONVERSION = YES;
				GCC_WARN_ABOUT_RETURN_TYPE = YES_ERROR;
				GCC_WARN_UNDECLARED_SELECTOR = YES;
				GCC_WARN_UNINITIALIZED_AUTOS = YES_AGGRESSIVE;
				GCC_WARN_UNUSED_FUNCTION = YES;
				GCC_WARN_UNUSED_VARIABLE = YES;
				IPHONEOS_DEPLOYMENT_TARGET = 13.0;
				MTL_ENABLE_DEBUG_INFO = INCLUDE_SOURCE;
				MTL_FAST_MATH = YES;
				ONLY_ACTIVE_ARCH = YES;
				SDKROOT = iphoneos;
				SWIFT_ACTIVE_COMPILATION_CONDITIONS = DEBUG;
				SWIFT_OPTIMIZATION_LEVEL = "-Onone";
			};
			name = Debug;
		};
		8A01659A27D8B785003E36FB /* Release */ = {
			isa = XCBuildConfiguration;
			buildSettings = {
				ALWAYS_SEARCH_USER_PATHS = NO;
				CLANG_ANALYZER_NONNULL = YES;
				CLANG_ANALYZER_NUMBER_OBJECT_CONVERSION = YES_AGGRESSIVE;
				CLANG_CXX_LANGUAGE_STANDARD = "gnu++17";
				CLANG_CXX_LIBRARY = "libc++";
				CLANG_ENABLE_MODULES = YES;
				CLANG_ENABLE_OBJC_ARC = YES;
				CLANG_ENABLE_OBJC_WEAK = YES;
				CLANG_WARN_BLOCK_CAPTURE_AUTORELEASING = YES;
				CLANG_WARN_BOOL_CONVERSION = YES;
				CLANG_WARN_COMMA = YES;
				CLANG_WARN_CONSTANT_CONVERSION = YES;
				CLANG_WARN_DEPRECATED_OBJC_IMPLEMENTATIONS = YES;
				CLANG_WARN_DIRECT_OBJC_ISA_USAGE = YES_ERROR;
				CLANG_WARN_DOCUMENTATION_COMMENTS = YES;
				CLANG_WARN_EMPTY_BODY = YES;
				CLANG_WARN_ENUM_CONVERSION = YES;
				CLANG_WARN_INFINITE_RECURSION = YES;
				CLANG_WARN_INT_CONVERSION = YES;
				CLANG_WARN_NON_LITERAL_NULL_CONVERSION = YES;
				CLANG_WARN_OBJC_IMPLICIT_RETAIN_SELF = YES;
				CLANG_WARN_OBJC_LITERAL_CONVERSION = YES;
				CLANG_WARN_OBJC_ROOT_CLASS = YES_ERROR;
				CLANG_WARN_QUOTED_INCLUDE_IN_FRAMEWORK_HEADER = YES;
				CLANG_WARN_RANGE_LOOP_ANALYSIS = YES;
				CLANG_WARN_STRICT_PROTOTYPES = YES;
				CLANG_WARN_SUSPICIOUS_MOVE = YES;
				CLANG_WARN_UNGUARDED_AVAILABILITY = YES_AGGRESSIVE;
				CLANG_WARN_UNREACHABLE_CODE = YES;
				CLANG_WARN__DUPLICATE_METHOD_MATCH = YES;
				COPY_PHASE_STRIP = NO;
				DEBUG_INFORMATION_FORMAT = "dwarf-with-dsym";
				ENABLE_NS_ASSERTIONS = NO;
				ENABLE_STRICT_OBJC_MSGSEND = YES;
				GCC_C_LANGUAGE_STANDARD = gnu11;
				GCC_NO_COMMON_BLOCKS = YES;
				GCC_WARN_64_TO_32_BIT_CONVERSION = YES;
				GCC_WARN_ABOUT_RETURN_TYPE = YES_ERROR;
				GCC_WARN_UNDECLARED_SELECTOR = YES;
				GCC_WARN_UNINITIALIZED_AUTOS = YES_AGGRESSIVE;
				GCC_WARN_UNUSED_FUNCTION = YES;
				GCC_WARN_UNUSED_VARIABLE = YES;
				IPHONEOS_DEPLOYMENT_TARGET = 13.0;
				MTL_ENABLE_DEBUG_INFO = NO;
				MTL_FAST_MATH = YES;
				SDKROOT = iphoneos;
				SWIFT_COMPILATION_MODE = wholemodule;
				SWIFT_OPTIMIZATION_LEVEL = "-O";
				VALIDATE_PRODUCT = YES;
			};
			name = Release;
		};
		8A01659C27D8B785003E36FB /* Debug */ = {
			isa = XCBuildConfiguration;
			baseConfigurationReference = 86AA678CE8AE44C13F7049CB /* Pods-VEAPISample.debug.xcconfig */;
			buildSettings = {
				ASSETCATALOG_COMPILER_APPICON_NAME = AppIcon;
				ASSETCATALOG_COMPILER_GLOBAL_ACCENT_COLOR_NAME = AccentColor;
				CODE_SIGN_STYLE = Automatic;
				CURRENT_PROJECT_VERSION = 1;
				DEVELOPMENT_TEAM = Z5FY5KAJL3;
				GENERATE_INFOPLIST_FILE = YES;
				INFOPLIST_FILE = VEAPISample/Info.plist;
				INFOPLIST_KEY_NSCameraUsageDescription = "Camera recording usage.";
				INFOPLIST_KEY_NSMicrophoneUsageDescription = "Record microphone audio.";
				INFOPLIST_KEY_NSPhotoLibraryAddUsageDescription = "Save camera video.";
				INFOPLIST_KEY_UIApplicationSupportsIndirectInputEvents = YES;
				INFOPLIST_KEY_UILaunchStoryboardName = LaunchScreen;
				INFOPLIST_KEY_UIMainStoryboardFile = Main;
				INFOPLIST_KEY_UISupportedInterfaceOrientations = UIInterfaceOrientationPortrait;
				INFOPLIST_KEY_UISupportedInterfaceOrientations_iPad = "UIInterfaceOrientationPortrait UIInterfaceOrientationPortraitUpsideDown UIInterfaceOrientationLandscapeLeft UIInterfaceOrientationLandscapeRight";
				INFOPLIST_KEY_UISupportedInterfaceOrientations_iPhone = "UIInterfaceOrientationPortrait UIInterfaceOrientationLandscapeLeft UIInterfaceOrientationLandscapeRight";
				IPHONEOS_DEPLOYMENT_TARGET = 13.0;
				LD_RUNPATH_SEARCH_PATHS = (
					"$(inherited)",
					"@executable_path/Frameworks",
				);
				MARKETING_VERSION = 1.0;
				PRODUCT_BUNDLE_IDENTIFIER = com.banuba.VEAPISample;
				PRODUCT_NAME = "$(TARGET_NAME)";
				SWIFT_EMIT_LOC_STRINGS = YES;
				SWIFT_VERSION = 5.0;
				TARGETED_DEVICE_FAMILY = 1;
			};
			name = Debug;
		};
		8A01659D27D8B785003E36FB /* Release */ = {
			isa = XCBuildConfiguration;
			baseConfigurationReference = 9F07C00E3B449E6D2B3F4F88 /* Pods-VEAPISample.release.xcconfig */;
			buildSettings = {
				ASSETCATALOG_COMPILER_APPICON_NAME = AppIcon;
				ASSETCATALOG_COMPILER_GLOBAL_ACCENT_COLOR_NAME = AccentColor;
				CODE_SIGN_STYLE = Automatic;
				CURRENT_PROJECT_VERSION = 1;
				DEVELOPMENT_TEAM = Z5FY5KAJL3;
				GENERATE_INFOPLIST_FILE = YES;
				INFOPLIST_FILE = VEAPISample/Info.plist;
				INFOPLIST_KEY_NSCameraUsageDescription = "Camera recording usage.";
				INFOPLIST_KEY_NSMicrophoneUsageDescription = "Record microphone audio.";
				INFOPLIST_KEY_NSPhotoLibraryAddUsageDescription = "Save camera video.";
				INFOPLIST_KEY_UIApplicationSupportsIndirectInputEvents = YES;
				INFOPLIST_KEY_UILaunchStoryboardName = LaunchScreen;
				INFOPLIST_KEY_UIMainStoryboardFile = Main;
				INFOPLIST_KEY_UISupportedInterfaceOrientations = UIInterfaceOrientationPortrait;
				INFOPLIST_KEY_UISupportedInterfaceOrientations_iPad = "UIInterfaceOrientationPortrait UIInterfaceOrientationPortraitUpsideDown UIInterfaceOrientationLandscapeLeft UIInterfaceOrientationLandscapeRight";
				INFOPLIST_KEY_UISupportedInterfaceOrientations_iPhone = "UIInterfaceOrientationPortrait UIInterfaceOrientationLandscapeLeft UIInterfaceOrientationLandscapeRight";
				IPHONEOS_DEPLOYMENT_TARGET = 13.0;
				LD_RUNPATH_SEARCH_PATHS = (
					"$(inherited)",
					"@executable_path/Frameworks",
				);
				MARKETING_VERSION = 1.0;
				PRODUCT_BUNDLE_IDENTIFIER = com.banuba.VEAPISample;
				PRODUCT_NAME = "$(TARGET_NAME)";
				SWIFT_EMIT_LOC_STRINGS = YES;
				SWIFT_VERSION = 5.0;
				TARGETED_DEVICE_FAMILY = 1;
			};
			name = Release;
		};
/* End XCBuildConfiguration section */

/* Begin XCConfigurationList section */
		8A01658227D8B782003E36FB /* Build configuration list for PBXProject "VEAPISample" */ = {
			isa = XCConfigurationList;
			buildConfigurations = (
				8A01659927D8B785003E36FB /* Debug */,
				8A01659A27D8B785003E36FB /* Release */,
			);
			defaultConfigurationIsVisible = 0;
			defaultConfigurationName = Release;
		};
		8A01659B27D8B785003E36FB /* Build configuration list for PBXNativeTarget "VEAPISample" */ = {
			isa = XCConfigurationList;
			buildConfigurations = (
				8A01659C27D8B785003E36FB /* Debug */,
				8A01659D27D8B785003E36FB /* Release */,
			);
			defaultConfigurationIsVisible = 0;
			defaultConfigurationName = Release;
		};
/* End XCConfigurationList section */
	};
	rootObject = 8A01657F27D8B782003E36FB /* Project object */;
}
