PODS:
  - BanubaLicenseServicingSDK (1.48.0):
    - BNBLicenseUtils (= 1.48.0)
  - BanubaSDK (1.48.0):
    - BNBBackground (~> 1.17.2)
    - BNBEffectPlayer (~> 1.17.2)
    - BNBEyes (~> 1.17.2)
    - BNBHair (~> 1.17.2)
    - BNBLips (~> 1.17.2)
    - BNBScripting (~> 1.17.2)
    - BNBSdkApi (~> 1.17.2)
    - BNBSdkCore (~> 1.17.2)
    - BNBSkin (~> 1.17.2)
  - BanubaUtilities (1.48.0)
  - BanubaVideoEditorCore (1.48.0):
    - BanubaLicenseServicingSDK (= 1.48.0)
    - BanubaUtilities (= 1.48.0)
  - BNBBackground (1.17.6):
    - BNBEffectPlayer (= 1.17.6)
    - BNBScripting (= 1.17.6)
    - BNBSdkCore (= 1.17.6)
  - BNBEffectPlayer (1.17.6)
  - BNBEyes (1.17.6):
    - BNBEffectPlayer (= 1.17.6)
    - BNBFaceTracker (= 1.17.6)
    - BNBScripting (= 1.17.6)
    - BNBSdkCore (= 1.17.6)
  - BNBFaceTracker (1.17.6):
    - BNBEffectPlayer (= 1.17.6)
    - BNBScripting (= 1.17.6)
    - BNBSdkCore (= 1.17.6)
  - BNBHair (1.17.6):
    - BNBEffectPlayer (= 1.17.6)
    - BNBScripting (= 1.17.6)
    - BNBSdkCore (= 1.17.6)
  - BNBLicenseUtils (1.48.0)
  - BNBLips (1.17.6):
    - BNBEffectPlayer (= 1.17.6)
    - BNBFaceTracker (= 1.17.6)
    - BNBScripting (= 1.17.6)
    - BNBSdkCore (= 1.17.6)
  - BNBScripting (1.17.6)
  - BNBSdkApi (1.17.6):
    - BNBSdkCore (= 1.17.6)
  - BNBSdkCore (1.17.6)
  - BNBSkin (1.17.6):
    - BNBEffectPlayer (= 1.17.6)
    - BNBScripting (= 1.17.6)
    - BNBSdkCore (= 1.17.6)
  - PryntTrimmerView (4.0.2)
  - SteviaLayout (6.2.2)
  - YPImagePicker (5.3.2):
    - PryntTrimmerView (= 4.0.2)
    - SteviaLayout (= 6.2.2)

DEPENDENCIES:
  - BanubaSDK (= 1.48.0)
  - BanubaVideoEditorCore (= 1.48.0)
  - YPImagePicker (from `https://github.com/Yummypets/YPImagePicker.git`, branch `master`)

SPEC REPOS:
  https://github.com/Banuba/specs.git:
    - BanubaLicenseServicingSDK
    - BanubaSDK
    - BanubaUtilities
    - BanubaVideoEditorCore
    - BNBLicenseUtils
  https://github.com/CocoaPods/Specs.git:
    - PryntTrimmerView
    - SteviaLayout
  https://github.com/sdk-banuba/banuba-sdk-podspecs.git:
    - BNBBackground
    - BNBEffectPlayer
    - BNBEyes
    - BNBFaceTracker
    - BNBHair
    - BNBLips
    - BNBScripting
    - BNBSdkApi
    - BNBSdkCore
    - BNBSkin

EXTERNAL SOURCES:
  YPImagePicker:
    :branch: master
    :git: https://github.com/Yummypets/YPImagePicker.git

CHECKOUT OPTIONS:
  YPImagePicker:
    :commit: 4f4f7670f55be48c889206ed61d924157e967810
    :git: https://github.com/Yummypets/YPImagePicker.git

SPEC CHECKSUMS:
  BanubaLicenseServicingSDK: cf5dcf6bb6e821ba63fd90b6df3552e458d0eb67
  BanubaSDK: 9b61982e04f6e06620107fc53872537bde70e588
  BanubaUtilities: b69745782eb8165e76ac787fa562d93546035319
  BanubaVideoEditorCore: c1961623f41390969e71c11977265ef70adcd8af
  BNBBackground: 8e1888bd4879bfd5b4ee273c56dcb8d34d40a789
  BNBEffectPlayer: 642e6a7ce9991c34cf2674671adea0167cc6d3e9
  BNBEyes: 3801c5f055948e526bd63407f7480b183fbda8e4
  BNBFaceTracker: ed62007fa11d786901895f6e2ff8feeb7c301a27
  BNBHair: 8272f73ac6d998a297bea92cbc59396e859e425c
  BNBLicenseUtils: 4f2976cf9f234d19c1cc92af337bf646725c3b9f
  BNBLips: d902952065def3742d707b617e008359f2b9e12f
  BNBScripting: a2fc7e7dc6b57124dd196b20ffb0b1a82b08d412
  BNBSdkApi: 1336b44f65753634c500fe33494c8bbd40afadaf
  BNBSdkCore: fdee497cfb933312b47e85cc98cb77b6ff579832
  BNBSkin: 06e2179e270f3d24f7675fe7129f5c8414a8037c
  PryntTrimmerView: 6a43cc90df5d99addeabd33d4ba09b1365322130
  SteviaLayout: c85f591c5af5f0b3883d904984b7d41e15b4e582
  YPImagePicker: ab463537ba8ac0d13e6f2e363356a96be67ce2b5

PODFILE CHECKSUM: b19a138f4bf986b21c7ce4e8f1ccebbd68b48fbe

COCOAPODS: 1.16.2
